
Microsoft Visual Studio Solution File, Format Version 11.00
# Visual Studio 2010
Project("{FAE04EC0-301F-11D3-BF4B-00C04F79EFBC}") = "hello_world", "hello_world\hello_world.csproj", "{50675832-E29C-4F7D-BEC9-DB587D5A3179}"
EndProject
Global
	GlobalSection(SolutionConfigurationPlatforms) = preSolution
		Debug|Any CPU = Debug|Any CPU
		Release|Any CPU = Release|Any CPU
	EndGlobalSection
	GlobalSection(ProjectConfigurationPlatforms) = postSolution
		{50675832-E29C-4F7D-BEC9-DB587D5A3179}.Debug|Any CPU.ActiveCfg = Debug|Any CPU
		{50675832-E29C-4F7D-BEC9-DB587D5A3179}.Debug|Any CPU.Build.0 = Debug|Any CPU
		{50675832-E29C-4F7D-BEC9-DB587D5A3179}.Release|Any CPU.ActiveCfg = Release|Any CPU
		{50675832-E29C-4F7D-BEC9-DB587D5A3179}.Release|Any CPU.Build.0 = Release|Any CPU
	EndGlobalSection
	GlobalSection(MonoDevelopProperties) = preSolution
		StartupItem = hello_world\hello_world.csproj
	EndGlobalSection
EndGlobal
